// !$*UTF8*$!
{
	archiveVersion = 1;
	classes = {
	};
	objectVersion = 60;
	objects = {

/* Begin PBXBuildFile section */
		6811CC5B2D27197900B40E59 /* Log_CakeApp.swift in Sources */ = {isa = PBXBuildFile; fileRef = 6811CC5A2D27197900B40E59 /* Log_CakeApp.swift */; };
		6811CC5F2D27197B00B40E59 /* Assets.xcassets in Resources */ = {isa = PBXBuildFile; fileRef = 6811CC5E2D27197B00B40E59 /* Assets.xcassets */; };
		6811CC622D27197B00B40E59 /* Preview Assets.xcassets in Resources */ = {isa = PBXBuildFile; fileRef = 6811CC612D27197B00B40E59 /* Preview Assets.xcassets */; };
		6811CC6D2D27197B00B40E59 /* Log_CakeTests.swift in Sources */ = {isa = PBXBuildFile; fileRef = 6811CC6C2D27197B00B40E59 /* Log_CakeTests.swift */; };
		6811CC772D27197B00B40E59 /* Log_CakeUITests.swift in Sources */ = {isa = PBXBuildFile; fileRef = 6811CC762D27197B00B40E59 /* Log_CakeUITests.swift */; };
		6811CC792D27197B00B40E59 /* Log_CakeUITestsLaunchTests.swift in Sources */ = {isa = PBXBuildFile; fileRef = 6811CC782D27197B00B40E59 /* Log_CakeUITestsLaunchTests.swift */; };
/* End PBXBuildFile section */

/* Begin PBXContainerItemProxy section */
		6811CC692D27197B00B40E59 /* PBXContainerItemProxy */ = {
			isa = PBXContainerItemProxy;
			containerPortal = 6811CC4F2D27197900B40E59 /* Project object */;
			proxyType = 1;
			remoteGlobalIDString = 6811CC562D27197900B40E59;
			remoteInfo = "Log Cake";
		};
		6811CC732D27197B00B40E59 /* PBXContainerItemProxy */ = {
			isa = PBXContainerItemProxy;
			containerPortal = 6811CC4F2D27197900B40E59 /* Project object */;
			proxyType = 1;
			remoteGlobalIDString = 6811CC562D27197900B40E59;
			remoteInfo = "Log Cake";
		};
/* End PBXContainerItemProxy section */

/* Begin PBXFileReference section */
		6811CC572D27197900B40E59 /* Log Cake.app */ = {isa = PBXFileReference; explicitFileType = wrapper.application; includeInIndex = 0; path = "Log Cake.app"; sourceTree = BUILT_PRODUCTS_DIR; };
		6811CC5A2D27197900B40E59 /* Log_CakeApp.swift */ = {isa = PBXFileReference; lastKnownFileType = sourcecode.swift; path = Log_CakeApp.swift; sourceTree = "<group>"; };
		6811CC5E2D27197B00B40E59 /* Assets.xcassets */ = {isa = PBXFileReference; lastKnownFileType = folder.assetcatalog; path = Assets.xcassets; sourceTree = "<group>"; };
		6811CC612D27197B00B40E59 /* Preview Assets.xcassets */ = {isa = PBXFileReference; lastKnownFileType = folder.assetcatalog; path = "Preview Assets.xcassets"; sourceTree = "<group>"; };
		6811CC632D27197B00B40E59 /* Log_Cake.entitlements */ = {isa = PBXFileReference; lastKnownFileType = text.plist.entitlements; path = Log_Cake.entitlements; sourceTree = "<group>"; };
		6811CC682D27197B00B40E59 /* Log CakeTests.xctest */ = {isa = PBXFileReference; explicitFileType = wrapper.cfbundle; includeInIndex = 0; path = "Log CakeTests.xctest"; sourceTree = BUILT_PRODUCTS_DIR; };
		6811CC6C2D27197B00B40E59 /* Log_CakeTests.swift */ = {isa = PBXFileReference; lastKnownFileType = sourcecode.swift; path = Log_CakeTests.swift; sourceTree = "<group>"; };
		6811CC722D27197B00B40E59 /* Log CakeUITests.xctest */ = {isa = PBXFileReference; explicitFileType = wrapper.cfbundle; includeInIndex = 0; path = "Log CakeUITests.xctest"; sourceTree = BUILT_PRODUCTS_DIR; };
		6811CC762D27197B00B40E59 /* Log_CakeUITests.swift */ = {isa = PBXFileReference; lastKnownFileType = sourcecode.swift; path = Log_CakeUITests.swift; sourceTree = "<group>"; };
		6811CC782D27197B00B40E59 /* Log_CakeUITestsLaunchTests.swift */ = {isa = PBXFileReference; lastKnownFileType = sourcecode.swift; path = Log_CakeUITestsLaunchTests.swift; sourceTree = "<group>"; };
/* End PBXFileReference section */

/* Begin PBXFrameworksBuildPhase section */
		6811CC542D27197900B40E59 /* Frameworks */ = {
			isa = PBXFrameworksBuildPhase;
			buildActionMask = 2147483647;
			files = (
			);
			runOnlyForDeploymentPostprocessing = 0;
		};
		6811CC652D27197B00B40E59 /* Frameworks */ = {
			isa = PBXFrameworksBuildPhase;
			buildActionMask = 2147483647;
			files = (
			);
			runOnlyForDeploymentPostprocessing = 0;
		};
		6811CC6F2D27197B00B40E59 /* Frameworks */ = {
			isa = PBXFrameworksBuildPhase;
			buildActionMask = 2147483647;
			files = (
			);
			runOnlyForDeploymentPostprocessing = 0;
		};
/* End PBXFrameworksBuildPhase section */

/* Begin PBXGroup section */
		6811CC4E2D27197900B40E59 = {
			isa = PBXGroup;
			children = (
				6811CC592D27197900B40E59 /* Log Cake */,
				6811CC6B2D27197B00B40E59 /* Log CakeTests */,
				6811CC752D27197B00B40E59 /* Log CakeUITests */,
				6811CC582D27197900B40E59 /* Products */,
			);
			sourceTree = "<group>";
		};
		6811CC582D27197900B40E59 /* Products */ = {
			isa = PBXGroup;
			children = (
				6811CC572D27197900B40E59 /* Log Cake.app */,
				6811CC682D27197B00B40E59 /* Log CakeTests.xctest */,
				6811CC722D27197B00B40E59 /* Log CakeUITests.xctest */,
			);
			name = Products;
			sourceTree = "<group>";
		};
		6811CC592D27197900B40E59 /* Log Cake */ = {
			isa = PBXGroup;
			children = (
				6811CC5A2D27197900B40E59 /* Log_CakeApp.swift */,
				6811CC5E2D27197B00B40E59 /* Assets.xcassets */,
				6811CC632D27197B00B40E59 /* Log_Cake.entitlements */,
				6811CC602D27197B00B40E59 /* Preview Content */,
			);
			path = "Log Cake";
			sourceTree = "<group>";
		};
		6811CC602D27197B00B40E59 /* Preview Content */ = {
			isa = PBXGroup;
			children = (
				6811CC612D27197B00B40E59 /* Preview Assets.xcassets */,
			);
			path = "Preview Content";
			sourceTree = "<group>";
		};
		6811CC6B2D27197B00B40E59 /* Log CakeTests */ = {
			isa = PBXGroup;
			children = (
				6811CC6C2D27197B00B40E59 /* Log_CakeTests.swift */,
			);
			path = "Log CakeTests";
			sourceTree = "<group>";
		};
		6811CC752D27197B00B40E59 /* Log CakeUITests */ = {
			isa = PBXGroup;
			children = (
				6811CC762D27197B00B40E59 /* Log_CakeUITests.swift */,
				6811CC782D27197B00B40E59 /* Log_CakeUITestsLaunchTests.swift */,
			);
			path = "Log CakeUITests";
			sourceTree = "<group>";
		};
/* End PBXGroup section */

/* Begin PBXNativeTarget section */
		6811CC562D27197900B40E59 /* Log Cake */ = {
			isa = PBXNativeTarget;
			buildConfigurationList = 6811CC7C2D27197B00B40E59 /* Build configuration list for PBXNativeTarget "Log Cake" */;
			buildPhases = (
				6811CC532D27197900B40E59 /* Sources */,
				6811CC542D27197900B40E59 /* Frameworks */,
				6811CC552D27197900B40E59 /* Resources */,
			);
			buildRules = (
			);
			dependencies = (
			);
			name = "Log Cake";
			productName = "Log Cake";
			productReference = 6811CC572D27197900B40E59 /* Log Cake.app */;
			productType = "com.apple.product-type.application";
		};
		6811CC672D27197B00B40E59 /* Log CakeTests */ = {
			isa = PBXNativeTarget;
			buildConfigurationList = 6811CC7F2D27197B00B40E59 /* Build configuration list for PBXNativeTarget "Log CakeTests" */;
			buildPhases = (
				6811CC642D27197B00B40E59 /* Sources */,
				6811CC652D27197B00B40E59 /* Frameworks */,
				6811CC662D27197B00B40E59 /* Resources */,
			);
			buildRules = (
			);
			dependencies = (
				6811CC6A2D27197B00B40E59 /* PBXTargetDependency */,
			);
			name = "Log CakeTests";
			productName = "Log CakeTests";
			productReference = 6811CC682D27197B00B40E59 /* Log CakeTests.xctest */;
			productType = "com.apple.product-type.bundle.unit-test";
		};
		6811CC712D27197B00B40E59 /* Log CakeUITests */ = {
			isa = PBXNativeTarget;
			buildConfigurationList = 6811CC822D27197B00B40E59 /* Build configuration list for PBXNativeTarget "Log CakeUITests" */;
			buildPhases = (
				6811CC6E2D27197B00B40E59 /* Sources */,
				6811CC6F2D27197B00B40E59 /* Frameworks */,
				6811CC702D27197B00B40E59 /* Resources */,
			);
			buildRules = (
			);
			dependencies = (
				6811CC742D27197B00B40E59 /* PBXTargetDependency */,
			);
			name = "Log CakeUITests";
			productName = "Log CakeUITests";
			productReference = 6811CC722D27197B00B40E59 /* Log CakeUITests.xctest */;
			productType = "com.apple.product-type.bundle.ui-testing";
		};
/* End PBXNativeTarget section */

/* Begin PBXProject section */
		6811CC4F2D27197900B40E59 /* Project object */ = {
			isa = PBXProject;
			attributes = {
				BuildIndependentTargetsInParallel = 1;
				LastSwiftUpdateCheck = 1600;
				LastUpgradeCheck = 1600;
				TargetAttributes = {
					6811CC562D27197900B40E59 = {
						CreatedOnToolsVersion = 16.0;
					};
					6811CC672D27197B00B40E59 = {
						CreatedOnToolsVersion = 16.0;
						TestTargetID = 6811CC562D27197900B40E59;
					};
					6811CC712D27197B00B40E59 = {
						CreatedOnToolsVersion = 16.0;
						TestTargetID = 6811CC562D27197900B40E59;
					};
				};
			};
			buildConfigurationList = 6811CC522D27197900B40E59 /* Build configuration list for PBXProject "Log Cake" */;
			compatibilityVersion = "Xcode 15.0";
			developmentRegion = en;
			hasScannedForEncodings = 0;
			knownRegions = (
				en,
				Base,
			);
			mainGroup = 6811CC4E2D27197900B40E59;
			productRefGroup = 6811CC582D27197900B40E59 /* Products */;
			projectDirPath = "";
			projectRoot = "";
			targets = (
				6811CC562D27197900B40E59 /* Log Cake */,
				6811CC672D27197B00B40E59 /* Log CakeTests */,
				6811CC712D27197B00B40E59 /* Log CakeUITests */,
			);
		};
/* End PBXProject section */

/* Begin PBXResourcesBuildPhase section */
		6811CC552D27197900B40E59 /* Resources */ = {
			isa = PBXResourcesBuildPhase;
			buildActionMask = 2147483647;
			files = (
				6811CC622D27197B00B40E59 /* Preview Assets.xcassets in Resources */,
				6811CC5F2D27197B00B40E59 /* Assets.xcassets in Resources */,
			);
			runOnlyForDeploymentPostprocessing = 0;
		};
		6811CC662D27197B00B40E59 /* Resources */ = {
			isa = PBXResourcesBuildPhase;
			buildActionMask = 2147483647;
			files = (
			);
			runOnlyForDeploymentPostprocessing = 0;
		};
		6811CC702D27197B00B40E59 /* Resources */ = {
			isa = PBXResourcesBuildPhase;
			buildActionMask = 2147483647;
			files = (
			);
			runOnlyForDeploymentPostprocessing = 0;
		};
/* End PBXResourcesBuildPhase section */

/* Begin PBXSourcesBuildPhase section */
		6811CC532D27197900B40E59 /* Sources */ = {
			isa = PBXSourcesBuildPhase;
			buildActionMask = 2147483647;
			files = (
				6811CC5B2D27197900B40E59 /* Log_CakeApp.swift in Sources */,
			);
			runOnlyForDeploymentPostprocessing = 0;
		};
		6811CC642D27197B00B40E59 /* Sources */ = {
			isa = PBXSourcesBuildPhase;
			buildActionMask = 2147483647;
			files = (
				6811CC6D2D27197B00B40E59 /* Log_CakeTests.swift in Sources */,
			);
			runOnlyForDeploymentPostprocessing = 0;
		};
		6811CC6E2D27197B00B40E59 /* Sources */ = {
			isa = PBXSourcesBuildPhase;
			buildActionMask = 2147483647;
			files = (
				6811CC792D27197B00B40E59 /* Log_CakeUITestsLaunchTests.swift in Sources */,
				6811CC772D27197B00B40E59 /* Log_CakeUITests.swift in Sources */,
			);
			runOnlyForDeploymentPostprocessing = 0;
		};
/* End PBXSourcesBuildPhase section */

/* Begin PBXTargetDependency section */
		6811CC6A2D27197B00B40E59 /* PBXTargetDependency */ = {
			isa = PBXTargetDependency;
			target = 6811CC562D27197900B40E59 /* Log Cake */;
			targetProxy = 6811CC692D27197B00B40E59 /* PBXContainerItemProxy */;
		};
		6811CC742D27197B00B40E59 /* PBXTargetDependency */ = {
			isa = PBXTargetDependency;
			target = 6811CC562D27197900B40E59 /* Log Cake */;
			targetProxy = 6811CC732D27197B00B40E59 /* PBXContainerItemProxy */;
		};
/* End PBXTargetDependency section */

/* Begin XCBuildConfiguration section */
		6811CC7A2D27197B00B40E59 /* Debug */ = {
			isa = XCBuildConfiguration;
			buildSettings = {
				ALWAYS_SEARCH_USER_PATHS = NO;
				ASSETCATALOG_COMPILER_GENERATE_SWIFT_ASSET_SYMBOL_EXTENSIONS = YES;
				CLANG_ANALYZER_NONNULL = YES;
				CLANG_ANALYZER_NUMBER_OBJECT_CONVERSION = YES_AGGRESSIVE;
				CLANG_CXX_LANGUAGE_STANDARD = "gnu++20";
				CLANG_ENABLE_MODULES = YES;
				CLANG_ENABLE_OBJC_ARC = YES;
				CLANG_ENABLE_OBJC_WEAK = YES;
				CLANG_WARN_BLOCK_CAPTURE_AUTORELEASING = YES;
				CLANG_WARN_BOOL_CONVERSION = YES;
				CLANG_WARN_COMMA = YES;
				CLANG_WARN_CONSTANT_CONVERSION = YES;
				CLANG_WARN_DEPRECATED_OBJC_IMPLEMENTATIONS = YES;
				CLANG_WARN_DIRECT_OBJC_ISA_USAGE = YES_ERROR;
				CLANG_WARN_DOCUMENTATION_COMMENTS = YES;
				CLANG_WARN_EMPTY_BODY = YES;
				CLANG_WARN_ENUM_CONVERSION = YES;
				CLANG_WARN_INFINITE_RECURSION = YES;
				CLANG_WARN_INT_CONVERSION = YES;
				CLANG_WARN_NON_LITERAL_NULL_CONVERSION = YES;
				CLANG_WARN_OBJC_IMPLICIT_RETAIN_SELF = YES;
				CLANG_WARN_OBJC_LITERAL_CONVERSION = YES;
				CLANG_WARN_OBJC_ROOT_CLASS = YES_ERROR;
				CLANG_WARN_QUOTED_INCLUDE_IN_FRAMEWORK_HEADER = YES;
				CLANG_WARN_RANGE_LOOP_ANALYSIS = YES;
				CLANG_WARN_STRICT_PROTOTYPES = YES;
				CLANG_WARN_SUSPICIOUS_MOVE = YES;
				CLANG_WARN_UNGUARDED_AVAILABILITY = YES_AGGRESSIVE;
				CLANG_WARN_UNREACHABLE_CODE = YES;
				CLANG_WARN__DUPLICATE_METHOD_MATCH = YES;
				COPY_PHASE_STRIP = NO;
				DEBUG_INFORMATION_FORMAT = dwarf;
				ENABLE_STRICT_OBJC_MSGSEND = YES;
				ENABLE_TESTABILITY = YES;
				ENABLE_USER_SCRIPT_SANDBOXING = YES;
				GCC_C_LANGUAGE_STANDARD = gnu17;
				GCC_DYNAMIC_NO_PIC = NO;
				GCC_NO_COMMON_BLOCKS = YES;
				GCC_OPTIMIZATION_LEVEL = 0;
				GCC_PREPROCESSOR_DEFINITIONS = (
					"DEBUG=1",
					"$(inherited)",
				);
				GCC_WARN_64_TO_32_BIT_CONVERSION = YES;
				GCC_WARN_ABOUT_RETURN_TYPE = YES_ERROR;
				GCC_WARN_UNDECLARED_SELECTOR = YES;
				GCC_WARN_UNINITIALIZED_AUTOS = YES_AGGRESSIVE;
				GCC_WARN_UNUSED_FUNCTION = YES;
				GCC_WARN_UNUSED_VARIABLE = YES;
				INFOPLIST_KEY_LSUIElement = YES;
				LOCALIZATION_PREFERS_STRING_CATALOGS = YES;
				MACOSX_DEPLOYMENT_TARGET = 15.0;
				MTL_ENABLE_DEBUG_INFO = INCLUDE_SOURCE;
				MTL_FAST_MATH = YES;
				ONLY_ACTIVE_ARCH = YES;
				SDKROOT = macosx;
				SWIFT_ACTIVE_COMPILATION_CONDITIONS = "DEBUG $(inherited)";
				SWIFT_OPTIMIZATION_LEVEL = "-Onone";
			};
			name = Debug;
		};
		6811CC7B2D27197B00B40E59 /* Release */ = {
			isa = XCBuildConfiguration;
			buildSettings = {
				ALWAYS_SEARCH_USER_PATHS = NO;
				ASSETCATALOG_COMPILER_GENERATE_SWIFT_ASSET_SYMBOL_EXTENSIONS = YES;
				CLANG_ANALYZER_NONNULL = YES;
				CLANG_ANALYZER_NUMBER_OBJECT_CONVERSION = YES_AGGRESSIVE;
				CLANG_CXX_LANGUAGE_STANDARD = "gnu++20";
				CLANG_ENABLE_MODULES = YES;
				CLANG_ENABLE_OBJC_ARC = YES;
				CLANG_ENABLE_OBJC_WEAK = YES;
				CLANG_WARN_BLOCK_CAPTURE_AUTORELEASING = YES;
				CLANG_WARN_BOOL_CONVERSION = YES;
				CLANG_WARN_COMMA = YES;
				CLANG_WARN_CONSTANT_CONVERSION = YES;
				CLANG_WARN_DEPRECATED_OBJC_IMPLEMENTATIONS = YES;
				CLANG_WARN_DIRECT_OBJC_ISA_USAGE = YES_ERROR;
				CLANG_WARN_DOCUMENTATION_COMMENTS = YES;
				CLANG_WARN_EMPTY_BODY = YES;
				CLANG_WARN_ENUM_CONVERSION = YES;
				CLANG_WARN_INFINITE_RECURSION = YES;
				CLANG_WARN_INT_CONVERSION = YES;
				CLANG_WARN_NON_LITERAL_NULL_CONVERSION = YES;
				CLANG_WARN_OBJC_IMPLICIT_RETAIN_SELF = YES;
				CLANG_WARN_OBJC_LITERAL_CONVERSION = YES;
				CLANG_WARN_OBJC_ROOT_CLASS = YES_ERROR;
				CLANG_WARN_QUOTED_INCLUDE_IN_FRAMEWORK_HEADER = YES;
				CLANG_WARN_RANGE_LOOP_ANALYSIS = YES;
				CLANG_WARN_STRICT_PROTOTYPES = YES;
				CLANG_WARN_SUSPICIOUS_MOVE = YES;
				CLANG_WARN_UNGUARDED_AVAILABILITY = YES_AGGRESSIVE;
				CLANG_WARN_UNREACHABLE_CODE = YES;
				CLANG_WARN__DUPLICATE_METHOD_MATCH = YES;
				COPY_PHASE_STRIP = NO;
				DEBUG_INFORMATION_FORMAT = "dwarf-with-dsym";
				ENABLE_NS_ASSERTIONS = NO;
				ENABLE_STRICT_OBJC_MSGSEND = YES;
				ENABLE_USER_SCRIPT_SANDBOXING = YES;
				GCC_C_LANGUAGE_STANDARD = gnu17;
				GCC_NO_COMMON_BLOCKS = YES;
				GCC_WARN_64_TO_32_BIT_CONVERSION = YES;
				GCC_WARN_ABOUT_RETURN_TYPE = YES_ERROR;
				GCC_WARN_UNDECLARED_SELECTOR = YES;
				GCC_WARN_UNINITIALIZED_AUTOS = YES_AGGRESSIVE;
				GCC_WARN_UNUSED_FUNCTION = YES;
				GCC_WARN_UNUSED_VARIABLE = YES;
				INFOPLIST_KEY_LSUIElement = YES;
				LOCALIZATION_PREFERS_STRING_CATALOGS = YES;
				MACOSX_DEPLOYMENT_TARGET = 15.0;
				MTL_ENABLE_DEBUG_INFO = NO;
				MTL_FAST_MATH = YES;
				SDKROOT = macosx;
				SWIFT_COMPILATION_MODE = wholemodule;
			};
			name = Release;
		};
		6811CC7D2D27197B00B40E59 /* Debug */ = {
			isa = XCBuildConfiguration;
			buildSettings = {
				ASSETCATALOG_COMPILER_APPICON_NAME = AppIcon;
				ASSETCATALOG_COMPILER_GLOBAL_ACCENT_COLOR_NAME = AccentColor;
				ASSETCATALOG_COMPILER_INCLUDE_ALL_APPICON_ASSETS = YES;
				CODE_SIGN_ENTITLEMENTS = "Log Cake/Log_Cake.entitlements";
				"CODE_SIGN_IDENTITY[sdk=macosx*]" = "Apple Development";
				CODE_SIGN_STYLE = Automatic;
				COMBINE_HIDPI_IMAGES = YES;
				CURRENT_PROJECT_VERSION = 1;
				DEVELOPMENT_ASSET_PATHS = "\"Log Cake/Preview Content\"";
				DEVELOPMENT_TEAM = H8KPP994QB;
				ENABLE_HARDENED_RUNTIME = YES;
				ENABLE_PREVIEWS = YES;
				GENERATE_INFOPLIST_FILE = YES;
				INFOPLIST_KEY_NSHumanReadableCopyright = "";
				LD_RUNPATH_SEARCH_PATHS = (
					"$(inherited)",
					"@executable_path/../Frameworks",
				);
				MARKETING_VERSION = 1.2;
				PRODUCT_BUNDLE_IDENTIFIER = "vanishing-point.Log-Cake";
				PRODUCT_NAME = "$(TARGET_NAME)";
				SWIFT_EMIT_LOC_STRINGS = YES;
				SWIFT_VERSION = 5.0;
			};
			name = Debug;
		};
		6811CC7E2D27197B00B40E59 /* Release */ = {
			isa = XCBuildConfiguration;
			buildSettings = {
				ASSETCATALOG_COMPILER_APPICON_NAME = AppIcon;
				"ASSETCATALOG_COMPILER_APPICON_NAME[sdk=macosx*]" = AppIcon;
				ASSETCATALOG_COMPILER_GLOBAL_ACCENT_COLOR_NAME = AccentColor;
				ASSETCATALOG_COMPILER_INCLUDE_ALL_APPICON_ASSETS = YES;
				CODE_SIGN_ENTITLEMENTS = "Log Cake/Log_Cake.entitlements";
				"CODE_SIGN_IDENTITY[sdk=macosx*]" = "Apple Development";
				CODE_SIGN_STYLE = Automatic;
				COMBINE_HIDPI_IMAGES = YES;
				CURRENT_PROJECT_VERSION = 1;
				DEVELOPMENT_ASSET_PATHS = "\"Log Cake/Preview Content\"";
				DEVELOPMENT_TEAM = H8KPP994QB;
				ENABLE_HARDENED_RUNTIME = YES;
				ENABLE_PREVIEWS = YES;
				GENERATE_INFOPLIST_FILE = YES;
				INFOPLIST_KEY_NSHumanReadableCopyright = "";
				LD_RUNPATH_SEARCH_PATHS = (
					"$(inherited)",
					"@executable_path/../Frameworks",
				);
				MARKETING_VERSION = 1.2;
				PRODUCT_BUNDLE_IDENTIFIER = "vanishing-point.Log-Cake";
				PRODUCT_NAME = "$(TARGET_NAME)";
				SWIFT_EMIT_LOC_STRINGS = YES;
				SWIFT_VERSION = 5.0;
			};
			name = Release;
		};
		6811CC802D27197B00B40E59 /* Debug */ = {
			isa = XCBuildConfiguration;
			buildSettings = {
				BUNDLE_LOADER = "$(TEST_HOST)";
				CODE_SIGN_STYLE = Automatic;
				CURRENT_PROJECT_VERSION = 1;
				DEVELOPMENT_TEAM = H8KPP994QB;
				GENERATE_INFOPLIST_FILE = YES;
				MACOSX_DEPLOYMENT_TARGET = 15.0;
				MARKETING_VERSION = 1.0;
				PRODUCT_BUNDLE_IDENTIFIER = "vanishing-point.Log-CakeTests";
				PRODUCT_NAME = "$(TARGET_NAME)";
				SWIFT_EMIT_LOC_STRINGS = NO;
				SWIFT_VERSION = 5.0;
				TEST_HOST = "$(BUILT_PRODUCTS_DIR)/Log Cake.app/$(BUNDLE_EXECUTABLE_FOLDER_PATH)/Log Cake";
			};
			name = Debug;
		};
		6811CC812D27197B00B40E59 /* Release */ = {
			isa = XCBuildConfiguration;
			buildSettings = {
				BUNDLE_LOADER = "$(TEST_HOST)";
				CODE_SIGN_STYLE = Automatic;
				CURRENT_PROJECT_VERSION = 1;
				DEVELOPMENT_TEAM = H8KPP994QB;
				GENERATE_INFOPLIST_FILE = YES;
				MACOSX_DEPLOYMENT_TARGET = 15.0;
				MARKETING_VERSION = 1.0;
				PRODUCT_BUNDLE_IDENTIFIER = "vanishing-point.Log-CakeTests";
				PRODUCT_NAME = "$(TARGET_NAME)";
				SWIFT_EMIT_LOC_STRINGS = NO;
				SWIFT_VERSION = 5.0;
				TEST_HOST = "$(BUILT_PRODUCTS_DIR)/Log Cake.app/$(BUNDLE_EXECUTABLE_FOLDER_PATH)/Log Cake";
			};
			name = Release;
		};
		6811CC832D27197B00B40E59 /* Debug */ = {
			isa = XCBuildConfiguration;
			buildSettings = {
				CODE_SIGN_STYLE = Automatic;
				CURRENT_PROJECT_VERSION = 1;
				DEVELOPMENT_TEAM = H8KPP994QB;
				GENERATE_INFOPLIST_FILE = YES;
				MARKETING_VERSION = 1.0;
				PRODUCT_BUNDLE_IDENTIFIER = "vanishing-point.Log-CakeUITests";
				PRODUCT_NAME = "$(TARGET_NAME)";
				SWIFT_EMIT_LOC_STRINGS = NO;
				SWIFT_VERSION = 5.0;
				TEST_TARGET_NAME = "Log Cake";
			};
			name = Debug;
		};
		6811CC842D27197B00B40E59 /* Release */ = {
			isa = XCBuildConfiguration;
			buildSettings = {
				CODE_SIGN_STYLE = Automatic;
				CURRENT_PROJECT_VERSION = 1;
				DEVELOPMENT_TEAM = H8KPP994QB;
				GENERATE_INFOPLIST_FILE = YES;
				MARKETING_VERSION = 1.0;
				PRODUCT_BUNDLE_IDENTIFIER = "vanishing-point.Log-CakeUITests";
				PRODUCT_NAME = "$(TARGET_NAME)";
				SWIFT_EMIT_LOC_STRINGS = NO;
				SWIFT_VERSION = 5.0;
				TEST_TARGET_NAME = "Log Cake";
			};
			name = Release;
		};
/* End XCBuildConfiguration section */

/* Begin XCConfigurationList section */
		6811CC522D27197900B40E59 /* Build configuration list for PBXProject "Log Cake" */ = {
			isa = XCConfigurationList;
			buildConfigurations = (
				6811CC7A2D27197B00B40E59 /* Debug */,
				6811CC7B2D27197B00B40E59 /* Release */,
			);
			defaultConfigurationIsVisible = 0;
			defaultConfigurationName = Release;
		};
		6811CC7C2D27197B00B40E59 /* Build configuration list for PBXNativeTarget "Log Cake" */ = {
			isa = XCConfigurationList;
			buildConfigurations = (
				6811CC7D2D27197B00B40E59 /* Debug */,
				6811CC7E2D27197B00B40E59 /* Release */,
			);
			defaultConfigurationIsVisible = 0;
			defaultConfigurationName = Release;
		};
		6811CC7F2D27197B00B40E59 /* Build configuration list for PBXNativeTarget "Log CakeTests" */ = {
			isa = XCConfigurationList;
			buildConfigurations = (
				6811CC802D27197B00B40E59 /* Debug */,
				6811CC812D27197B00B40E59 /* Release */,
			);
			defaultConfigurationIsVisible = 0;
			defaultConfigurationName = Release;
		};
		6811CC822D27197B00B40E59 /* Build configuration list for PBXNativeTarget "Log CakeUITests" */ = {
			isa = XCConfigurationList;
			buildConfigurations = (
				6811CC832D27197B00B40E59 /* Debug */,
				6811CC842D27197B00B40E59 /* Release */,
			);
			defaultConfigurationIsVisible = 0;
			defaultConfigurationName = Release;
		};
/* End XCConfigurationList section */
	};
	rootObject = 6811CC4F2D27197900B40E59 /* Project object */;
}
